#MicroXplorer Configuration settings - do not modify
Dma.Request0=TIM5_CH3/UP
Dma.RequestsNb=1
Dma.TIM5_CH3/UP.0.Direction=DMA_MEMORY_TO_PERIPH
Dma.TIM5_CH3/UP.0.FIFOMode=DMA_FIFOMODE_DISABLE
Dma.TIM5_CH3/UP.0.Instance=DMA1_Stream0
Dma.TIM5_CH3/UP.0.MemDataAlignment=DMA_MDATAALIGN_BYTE
Dma.TIM5_CH3/UP.0.MemInc=DMA_MINC_ENABLE
Dma.TIM5_CH3/UP.0.Mode=DMA_CIRCULAR
Dma.TIM5_CH3/UP.0.PeriphDataAlignment=DMA_PDATAALIGN_BYTE
Dma.TIM5_CH3/UP.0.PeriphInc=DMA_PINC_DISABLE
Dma.TIM5_CH3/UP.0.Priority=DMA_PRIORITY_LOW
Dma.TIM5_CH3/UP.0.RequestParameters=Instance,Direction,PeriphInc,MemInc,PeriphDataAlignment,MemDataAlignment,Mode,Priority,FIFOMode
FREERTOS.FootprintOK=true
FREERTOS.IPParameters=Tasks01,configUSE_RECURSIVE_MUTEXES,configUSE_COUNTING_SEMAPHORES,configUSE_APPLICATION_TASK_TAG,configTOTAL_HEAP_SIZE,configUSE_IDLE_HOOK,configUSE_MALLOC_FAILED_HOOK,configCHECK_FOR_STACK_OVERFLOW,configUSE_NEWLIB_REENTRANT,FootprintOK
FREERTOS.Tasks01=defaultTask,2,4096,StartDefaultTask,Default,NULL,Dynamic,NULL,NULL;ledTask,0,128,StartLedTask,Default,NULL,Dynamic,NULL,NULL;motorTask,0,128,StartMotorTask,Default,NULL,Dynamic,NULL,NULL
FREERTOS.configCHECK_FOR_STACK_OVERFLOW=2
FREERTOS.configTOTAL_HEAP_SIZE=32768
FREERTOS.configUSE_APPLICATION_TASK_TAG=1
FREERTOS.configUSE_COUNTING_SEMAPHORES=1
FREERTOS.configUSE_IDLE_HOOK=1
FREERTOS.configUSE_MALLOC_FAILED_HOOK=1
FREERTOS.configUSE_NEWLIB_REENTRANT=1
FREERTOS.configUSE_RECURSIVE_MUTEXES=1
File.Version=6
GPIO.groupedBy=Group By Peripherals
KeepUserPlacement=false
Mcu.CPN=STM32F469NIH6
Mcu.Family=STM32F4
Mcu.IP0=DMA
Mcu.IP1=FREERTOS
Mcu.IP2=NVIC
Mcu.IP3=RCC
Mcu.IP4=SYS
Mcu.IP5=TIM2
Mcu.IP6=TIM3
Mcu.IP7=TIM5
Mcu.IP8=USART3
Mcu.IPNb=9
Mcu.Name=STM32F469NIHx
Mcu.Package=TFBGA216
Mcu.Pin0=PA15
Mcu.Pin1=PA14
Mcu.Pin10=PC14/OSC32_IN
Mcu.Pin11=PC15/OSC32_OUT
Mcu.Pin12=PH0/OSC_IN
Mcu.Pin13=PH1/OSC_OUT
Mcu.Pin14=PG6
Mcu.Pin15=PA1
Mcu.Pin16=PA0/WKUP
Mcu.Pin17=PA2
Mcu.Pin18=PA6
Mcu.Pin19=PH6
Mcu.Pin2=PA13
Mcu.Pin20=PA7
Mcu.Pin21=PB14
Mcu.Pin22=PB15
Mcu.Pin23=VP_FREERTOS_VS_CMSIS_V1
Mcu.Pin24=VP_SYS_VS_tim6
Mcu.Pin25=VP_TIM3_VS_ClockSourceINT
Mcu.Pin26=VP_TIM5_VS_ClockSourceINT
Mcu.Pin3=PG13
Mcu.Pin4=PC11
Mcu.Pin5=PC10
Mcu.Pin6=PG12
Mcu.Pin7=PD5
Mcu.Pin8=PK3
Mcu.Pin9=PD4
Mcu.PinsNb=27
Mcu.ThirdPartyNb=0
Mcu.UserConstants=PWM_TIMER_ARR,99
Mcu.UserName=STM32F469NIHx
MxCube.Version=6.5.0
MxDb.Version=DB.6.0.50
NVIC.BusFault_IRQn=true\:0\:0\:false\:false\:true\:false\:false\:false\:true
NVIC.DMA1_Stream0_IRQn=true\:5\:0\:false\:false\:true\:true\:false\:true\:true
NVIC.DebugMonitor_IRQn=true\:0\:0\:false\:false\:true\:false\:false\:false\:true
NVIC.ForceEnableDMAVector=true
NVIC.HardFault_IRQn=true\:0\:0\:false\:false\:true\:false\:false\:false\:true
NVIC.MemoryManagement_IRQn=true\:0\:0\:false\:false\:true\:false\:false\:false\:true
NVIC.NonMaskableInt_IRQn=true\:0\:0\:false\:false\:true\:false\:false\:false\:true
NVIC.PendSV_IRQn=true\:15\:0\:false\:false\:false\:false\:false\:false\:true
NVIC.PriorityGroup=NVIC_PRIORITYGROUP_4
NVIC.SVCall_IRQn=true\:0\:0\:false\:false\:false\:false\:false\:false\:true
NVIC.SavedPendsvIrqHandlerGenerated=true
NVIC.SavedSvcallIrqHandlerGenerated=true
NVIC.SavedSystickIrqHandlerGenerated=true
NVIC.SysTick_IRQn=true\:15\:0\:false\:false\:false\:true\:false\:true\:true
NVIC.TIM6_DAC_IRQn=true\:0\:0\:false\:false\:true\:false\:false\:true\:true
NVIC.TimeBase=TIM6_DAC_IRQn
NVIC.TimeBaseIP=TIM6
NVIC.UsageFault_IRQn=true\:0\:0\:false\:false\:true\:false\:false\:false\:true
PA0/WKUP.GPIOParameters=GPIO_Label
PA0/WKUP.GPIO_Label=WAKEUP [B2]
PA0/WKUP.Locked=true
PA0/WKUP.Mode=SYS_WakeUp0
PA0/WKUP.Signal=SYS_WKUP
PA1.GPIOParameters=GPIO_Label
PA1.GPIO_Label=ENCODER_CHB
PA1.Signal=S_TIM2_CH2
PA13.GPIOParameters=GPIO_Label
PA13.GPIO_Label=SWDIO
PA13.Locked=true
PA13.Mode=Serial_Wire
PA13.Signal=SYS_JTMS-SWDIO
PA14.GPIOParameters=GPIO_Label
PA14.GPIO_Label=SWCLK
PA14.Locked=true
PA14.Mode=Serial_Wire
PA14.Signal=SYS_JTCK-SWCLK
PA15.GPIOParameters=GPIO_Label
PA15.GPIO_Label=ENCODER_CHA
PA15.Signal=S_TIM2_CH1_ETR
PA2.GPIOParameters=GPIO_Label
PA2.GPIO_Label=WS2812
PA2.Locked=true
PA2.Signal=S_TIM5_CH3
PA6.GPIOParameters=GPIO_Label
PA6.GPIO_Label=MOT_STBY_2
PA6.Locked=true
PA6.Signal=GPIO_Output
PA7.GPIOParameters=GPIO_ModeDefaultPP,GPIO_Speed,GPIO_PuPd,GPIO_Label
PA7.GPIO_Label=MOT_PWM
PA7.GPIO_ModeDefaultPP=GPIO_MODE_AF_PP
PA7.GPIO_PuPd=GPIO_NOPULL
PA7.GPIO_Speed=GPIO_SPEED_FREQ_LOW
PA7.Locked=true
PA7.Signal=S_TIM3_CH2
PB14.GPIOParameters=GPIO_Label
PB14.GPIO_Label=MOT_STBY
PB14.Locked=true
PB14.Signal=GPIO_Output
PB15.GPIOParameters=GPIO_Label
PB15.GPIO_Label=MOT_AIN1
PB15.Locked=true
PB15.Signal=GPIO_Output
PC10.Mode=Asynchronous
PC10.Signal=USART3_TX
PC11.Mode=Asynchronous
PC11.Signal=USART3_RX
PC14/OSC32_IN.Locked=true
PC14/OSC32_IN.Mode=LSE-External-Oscillator
PC14/OSC32_IN.Signal=RCC_OSC32_IN
PC15/OSC32_OUT.Locked=true
PC15/OSC32_OUT.Mode=LSE-External-Oscillator
PC15/OSC32_OUT.Signal=RCC_OSC32_OUT
PD4.GPIOParameters=GPIO_Speed,GPIO_PuPd,GPIO_Label,GPIO_ModeDefaultOutputPP
PD4.GPIO_Label=LED2 [Orange]
PD4.GPIO_ModeDefaultOutputPP=GPIO_MODE_OUTPUT_OD
PD4.GPIO_PuPd=GPIO_NOPULL
PD4.GPIO_Speed=GPIO_SPEED_FREQ_LOW
PD4.Locked=true
PD4.Signal=GPIO_Output
PD5.GPIOParameters=GPIO_Speed,GPIO_PuPd,GPIO_Label,GPIO_ModeDefaultOutputPP
PD5.GPIO_Label=LED3 [Red]
PD5.GPIO_ModeDefaultOutputPP=GPIO_MODE_OUTPUT_OD
PD5.GPIO_PuPd=GPIO_NOPULL
PD5.GPIO_Speed=GPIO_SPEED_FREQ_LOW
PD5.Locked=true
PD5.Signal=GPIO_Output
PG12.GPIOParameters=GPIO_Label
PG12.GPIO_Label=PRES_AVANT
PG12.Locked=true
PG12.Signal=GPIO_Input
PG13.GPIOParameters=GPIO_PuPd,GPIO_Label
PG13.GPIO_Label=AU
PG13.GPIO_PuPd=GPIO_PULLDOWN
PG13.Locked=true
PG13.Signal=GPIO_Input
PG6.GPIOParameters=GPIO_Speed,GPIO_PuPd,GPIO_Label,GPIO_ModeDefaultOutputPP
PG6.GPIO_Label=LED1 [Green]
PG6.GPIO_ModeDefaultOutputPP=GPIO_MODE_OUTPUT_OD
PG6.GPIO_PuPd=GPIO_NOPULL
PG6.GPIO_Speed=GPIO_SPEED_FREQ_LOW
PG6.Locked=true
PG6.Signal=GPIO_Output
PH0/OSC_IN.Locked=true
PH0/OSC_IN.Mode=HSE-External-Oscillator
PH0/OSC_IN.Signal=RCC_OSC_IN
PH1/OSC_OUT.Locked=true
PH1/OSC_OUT.Mode=HSE-External-Oscillator
PH1/OSC_OUT.Signal=RCC_OSC_OUT
PH6.GPIOParameters=GPIO_Label
PH6.GPIO_Label=MOT_AIN2
PH6.Locked=true
PH6.Signal=GPIO_Output
PK3.GPIOParameters=GPIO_Speed,GPIO_PuPd,GPIO_Label,GPIO_ModeDefaultOutputPP
PK3.GPIO_Label=LED4 [Blue]
PK3.GPIO_ModeDefaultOutputPP=GPIO_MODE_OUTPUT_OD
PK3.GPIO_PuPd=GPIO_NOPULL
PK3.GPIO_Speed=GPIO_SPEED_FREQ_LOW
PK3.Locked=true
PK3.Signal=GPIO_Output
PinOutPanel.CurrentBGAView=Top
PinOutPanel.RotationAngle=0
ProjectManager.AskForMigrate=true
ProjectManager.BackupPrevious=false
ProjectManager.CompilerOptimize=6
ProjectManager.ComputerToolchain=false
ProjectManager.CoupleFile=true
ProjectManager.CustomerFirmwarePackage=
ProjectManager.DefaultFWLocation=true
ProjectManager.DeletePrevious=true
ProjectManager.DeviceId=STM32F469NIHx
ProjectManager.FirmwarePackage=STM32Cube FW_F4 V1.27.0
ProjectManager.FreePins=true
ProjectManager.HalAssertFull=false
ProjectManager.HeapSize=0x200
ProjectManager.KeepUserCode=true
ProjectManager.LastFirmware=true
ProjectManager.LibraryCopy=1
ProjectManager.MainLocation=Core/Src
ProjectManager.NoMain=false
ProjectManager.PreviousToolchain=STM32CubeIDE
ProjectManager.ProjectBuild=false
ProjectManager.ProjectFileName=elfa-cpp.ioc
ProjectManager.ProjectName=elfa-cpp
ProjectManager.RegisterCallBack=
ProjectManager.StackSize=0x400
ProjectManager.TargetToolchain=STM32CubeIDE
ProjectManager.ToolChainLocation=
ProjectManager.UnderRoot=true
ProjectManager.functionlistsort=1-SystemClock_Config-RCC-false-HAL-false,2-MX_GPIO_Init-GPIO-false-HAL-true,3-MX_TIM3_Init-TIM3-false-HAL-true,4-MX_TIM2_Init-TIM2-false-HAL-true,5-MX_DMA_Init-DMA-false-HAL-true,6-MX_TIM5_Init-TIM5-false-HAL-true,7-MX_USART3_UART_Init-USART3-false-HAL-true
RCC.AHBFreq_Value=80000000
RCC.APB1CLKDivider=RCC_HCLK_DIV2
RCC.APB1Freq_Value=40000000
RCC.APB1TimFreq_Value=80000000
RCC.APB2CLKDivider=RCC_HCLK_DIV2
RCC.APB2Freq_Value=40000000
RCC.APB2TimFreq_Value=80000000
RCC.CortexFreq_Value=80000000
RCC.DSIFreq_Value=62500000
RCC.DSITXEscFreq_Value=15625000
RCC.EthernetFreq_Value=80000000
RCC.FCLKCortexFreq_Value=80000000
RCC.FamilyName=M
RCC.HCLKFreq_Value=80000000
RCC.HSE_VALUE=8000000
RCC.I2SFreq_Value=192000000
RCC.IPParameters=AHBFreq_Value,APB1CLKDivider,APB1Freq_Value,APB1TimFreq_Value,APB2CLKDivider,APB2Freq_Value,APB2TimFreq_Value,CortexFreq_Value,DSIFreq_Value,DSITXEscFreq_Value,EthernetFreq_Value,FCLKCortexFreq_Value,FamilyName,HCLKFreq_Value,HSE_VALUE,I2SFreq_Value,LCDTFTFreq_Value,MCO2PinFreq_Value,PLLCLKFreq_Value,PLLDSIFreq_Value,PLLDSIIDF,PLLDSINDIV,PLLDSIVCOFreq_Value,PLLI2SQCLKFreq_Value,PLLI2SRCLKFreq_Value,PLLM,PLLN,PLLQ,PLLQCLKFreq_Value,PLLR,PLLRCLKFreq_Value,PLLRFreq_Value,PLLSAIN,PLLSAIP,PLLSAIPCLKFreq_Value,PLLSAIQ,PLLSAIQCLKFreq_Value,PLLSAIRCLKFreq_Value,PLLSAIRDiv,PLLSourceVirtual,RTCFreq_Value,RTCHSEDivFreq_Value,SAIAFreq_Value,SAIBFreq_Value,SDIOFreq_Value,SYSCLKFreq_VALUE,SYSCLKSource,USBCLockSelection,USBFreq_Value,VCOI2SOutputFreq_Value,VCOInputFreq_Value,VCOOutputFreq_Value,VCOSAIOutputFreq_Value
RCC.LCDTFTFreq_Value=36000000
RCC.MCO2PinFreq_Value=80000000
RCC.PLLCLKFreq_Value=80000000
RCC.PLLDSIFreq_Value=500000000
RCC.PLLDSIIDF=DSI_PLL_IN_DIV2
RCC.PLLDSINDIV=125
RCC.PLLDSIVCOFreq_Value=1000000000
RCC.PLLI2SQCLKFreq_Value=96000000
RCC.PLLI2SRCLKFreq_Value=192000000
RCC.PLLM=4
RCC.PLLN=80
RCC.PLLQ=6
RCC.PLLQCLKFreq_Value=26666666.666666668
RCC.PLLR=6
RCC.PLLRCLKFreq_Value=26666666.666666668
RCC.PLLRFreq_Value=26666666.666666668
RCC.PLLSAIN=144
RCC.PLLSAIP=RCC_PLLSAIP_DIV6
RCC.PLLSAIPCLKFreq_Value=48000000
RCC.PLLSAIQ=2
RCC.PLLSAIQCLKFreq_Value=144000000
RCC.PLLSAIRCLKFreq_Value=144000000
RCC.PLLSAIRDiv=RCC_PLLSAIDIVR_4
RCC.PLLSourceVirtual=RCC_PLLSOURCE_HSE
RCC.RTCFreq_Value=32000
RCC.RTCHSEDivFreq_Value=4000000
RCC.SAIAFreq_Value=144000000
RCC.SAIBFreq_Value=144000000
RCC.SDIOFreq_Value=48000000
RCC.SYSCLKFreq_VALUE=80000000
RCC.SYSCLKSource=RCC_SYSCLKSOURCE_PLLCLK
RCC.USBCLockSelection=RCC_CLK48CLKSOURCE_PLLSAIP
RCC.USBFreq_Value=48000000
RCC.VCOI2SOutputFreq_Value=384000000
RCC.VCOInputFreq_Value=2000000
RCC.VCOOutputFreq_Value=160000000
RCC.VCOSAIOutputFreq_Value=288000000
SH.S_TIM2_CH1_ETR.0=TIM2_CH1,Encoder_Interface
SH.S_TIM2_CH1_ETR.ConfNb=1
SH.S_TIM2_CH2.0=TIM2_CH2,Encoder_Interface
SH.S_TIM2_CH2.ConfNb=1
SH.S_TIM3_CH2.0=TIM3_CH2,PWM Generation2 CH2
SH.S_TIM3_CH2.ConfNb=1
SH.S_TIM5_CH3.0=TIM5_CH3,PWM Generation3 CH3
SH.S_TIM5_CH3.ConfNb=1
TIM2.AutoReloadPreload=TIM_AUTORELOAD_PRELOAD_DISABLE
TIM2.EncoderMode=TIM_ENCODERMODE_TI12
TIM2.IPParameters=AutoReloadPreload,EncoderMode
TIM3.AutoReloadPreload=TIM_AUTORELOAD_PRELOAD_ENABLE
TIM3.Channel-PWM\ Generation2\ CH2=TIM_CHANNEL_2
TIM3.IPParameters=Channel-PWM Generation2 CH2,Period,Prescaler,AutoReloadPreload,OCMode_PWM-PWM Generation2 CH2
TIM3.OCMode_PWM-PWM\ Generation2\ CH2=TIM_OCMODE_PWM2
TIM3.Period=PWM_TIMER_ARR
TIM3.Prescaler=0
TIM5.AutoReloadPreload=TIM_AUTORELOAD_PRELOAD_ENABLE
TIM5.Channel-PWM\ Generation3\ CH3=TIM_CHANNEL_3
TIM5.IPParameters=Channel-PWM Generation3 CH3,Period,AutoReloadPreload,Prescaler,OCMode_PWM-PWM Generation3 CH3,OCPolarity_3
TIM5.IPParametersWithoutCheck=Prescaler,Period
TIM5.OCMode_PWM-PWM\ Generation3\ CH3=TIM_OCMODE_PWM1
TIM5.OCPolarity_3=TIM_OCPOLARITY_HIGH
TIM5.Period=PWM_TIMER_ARR
TIM5.Prescaler=0
USART3.IPParameters=VirtualMode
USART3.VirtualMode=VM_ASYNC
VP_FREERTOS_VS_CMSIS_V1.Mode=CMSIS_V1
VP_FREERTOS_VS_CMSIS_V1.Signal=FREERTOS_VS_CMSIS_V1
VP_SYS_VS_tim6.Mode=TIM6
VP_SYS_VS_tim6.Signal=SYS_VS_tim6
VP_TIM3_VS_ClockSourceINT.Mode=Internal
VP_TIM3_VS_ClockSourceINT.Signal=TIM3_VS_ClockSourceINT
VP_TIM5_VS_ClockSourceINT.Mode=Internal
VP_TIM5_VS_ClockSourceINT.Signal=TIM5_VS_ClockSourceINT
board=STM32F469I-DISCO
boardIOC=true
